
Microsoft Visual Studio Solution File, Format Version 12.00
# Visual Studio Version 17
VisualStudioVersion = 17.12.35527.113
MinimumVisualStudioVersion = 10.0.40219.1
Project("{FAE04EC0-301F-11D3-BF4B-00C04F79EFBC}") = "OOP_Session_3_demo", "OOP_Session_3_demo\OOP_Session_3_demo.csproj", "{F330EC92-A06E-4983-A04B-2C429EBC8DF0}"
EndProject
Project("{FAE04EC0-301F-11D3-BF4B-00C04F79EFBC}") = "C#_Assignment_3", "C#_Assignment_3\C#_Assignment_3.csproj", "{07CC1E97-D939-4D7A-84B8-69D48F148A48}"
EndProject
Global
	GlobalSection(SolutionConfigurationPlatforms) = preSolution
		Debug|Any CPU = Debug|Any CPU
		Release|Any CPU = Release|Any CPU
	EndGlobalSection
	GlobalSection(ProjectConfigurationPlatforms) = postSolution
		{F330EC92-A06E-4983-A04B-2C429EBC8DF0}.Debug|Any CPU.ActiveCfg = Debug|Any CPU
		{F330EC92-A06E-4983-A04B-2C429EBC8DF0}.Debug|Any CPU.Build.0 = Debug|Any CPU
		{F330EC92-A06E-4983-A04B-2C429EBC8DF0}.Release|Any CPU.ActiveCfg = Release|Any CPU
		{F330EC92-A06E-4983-A04B-2C429EBC8DF0}.Release|Any CPU.Build.0 = Release|Any CPU
		{07CC1E97-D939-4D7A-84B8-69D48F148A48}.Debug|Any CPU.ActiveCfg = Debug|Any CPU
		{07CC1E97-D939-4D7A-84B8-69D48F148A48}.Debug|Any CPU.Build.0 = Debug|Any CPU
		{07CC1E97-D939-4D7A-84B8-69D48F148A48}.Release|Any CPU.ActiveCfg = Release|Any CPU
		{07CC1E97-D939-4D7A-84B8-69D48F148A48}.Release|Any CPU.Build.0 = Release|Any CPU
	EndGlobalSection
	GlobalSection(SolutionProperties) = preSolution
		HideSolutionNode = FALSE
	EndGlobalSection
EndGlobal
